{
  "name": "Sampler",
  "lockfileVersion": 3,
  "requires": true,
  "packages": {
    "": {
      "dependencies": {
        "wavesurfer.js": "^7.9.5"
      }
    },
    "node_modules/wavesurfer.js": {
      "version": "7.9.8",
      "resolved": "https://registry.npmjs.org/wavesurfer.js/-/wavesurfer.js-7.9.8.tgz",
      "integrity": "sha512-Mxz6qRwkSmuWVxLzp0XQ6EzSv1FTvQgMEUJTirLN1Ox76sn0YeyQlI99WuE+B0IuxShPHXIhvEuoBSJdaQs7tA==",
      "license": "BSD-3-Clause"
    }
  }
}
